PODS:
  - Dengage.Framework (2.1.0)

DEPENDENCIES:
  - Dengage.Framework (from `../`)

EXTERNAL SOURCES:
  Dengage.Framework:
    :path: "../"

SPEC CHECKSUMS:
  Dengage.Framework: a3900258f7cac820d0077919db500e5beffee3f0

PODFILE CHECKSUM: 1e65c7d09457ebd664d90cbe4e3544864b011717

COCOAPODS: 1.8.4
