PODS:
  - Dengage.Framework (2.2.1)

DEPENDENCIES:
  - Dengage.Framework (from `../`)

EXTERNAL SOURCES:
  Dengage.Framework:
    :path: "../"

SPEC CHECKSUMS:
  Dengage.Framework: 18f18c1b2203b563065845e662641028a150c04c

PODFILE CHECKSUM: 1e65c7d09457ebd664d90cbe4e3544864b011717

COCOAPODS: 1.8.4
